{
  "name": "huzz-rizz",
  "version": "1.0.2",
  "lockfileVersion": 3,
  "requires": true,
  "packages": {
    "": {
      "name": "huzz-rizz",
      "version": "1.0.2",
      "license": "MIT",
      "dependencies": {
        "huzz-rizz": "file:"
      }
    },
    "node_modules/huzz-rizz": {
      "resolved": "",
      "link": true
    }
  }
}
